
Microsoft Visual Studio Solution File, Format Version 12.00
# Visual Studio 2012
Project("{FAE04EC0-301F-11D3-BF4B-00C04F79EFBC}") = "ServiceManager", "ServiceManager\ServiceManager.csproj", "{6B67939D-1DCE-468D-AC2E-79C671616667}"
EndProject
Global
	GlobalSection(SolutionConfigurationPlatforms) = preSolution
		Debug|Any CPU = Debug|Any CPU
		Release|Any CPU = Release|Any CPU
	EndGlobalSection
	GlobalSection(ProjectConfigurationPlatforms) = postSolution
		{6B67939D-1DCE-468D-AC2E-79C671616667}.Debug|Any CPU.ActiveCfg = Debug|Any CPU
		{6B67939D-1DCE-468D-AC2E-79C671616667}.Debug|Any CPU.Build.0 = Debug|Any CPU
		{6B67939D-1DCE-468D-AC2E-79C671616667}.Release|Any CPU.ActiveCfg = Release|Any CPU
		{6B67939D-1DCE-468D-AC2E-79C671616667}.Release|Any CPU.Build.0 = Release|Any CPU
	EndGlobalSection
	GlobalSection(SolutionProperties) = preSolution
		HideSolutionNode = FALSE
	EndGlobalSection
EndGlobal
